
Microsoft Visual Studio Solution File, Format Version 12.00
# Visual Studio 2012
Project("{FAE04EC0-301F-11D3-BF4B-00C04F79EFBC}") = "Wroxx.Publishing.Domain", "Wroxx.Publishing.Domain\Wroxx.Publishing.Domain.csproj", "{0479BF19-DE88-434D-B266-2E98302FF06A}"
EndProject
Project("{FAE04EC0-301F-11D3-BF4B-00C04F79EFBC}") = "Wroxx.Publishing.UI", "Wroxx.Publishing.UI\Wroxx.Publishing.UI.csproj", "{18EF3EFF-0191-46A2-8F01-0A13BF781EC9}"
EndProject
Project("{FAE04EC0-301F-11D3-BF4B-00C04F79EFBC}") = "Wroxx.Publishing.Tests", "Wroxx.Publishing.Tests\Wroxx.Publishing.Tests.csproj", "{E8D13E45-859A-4BCA-913D-601A474BD78D}"
EndProject
Project("{FAE04EC0-301F-11D3-BF4B-00C04F79EFBC}") = "Wroxx.Publishing.Infrastructure", "Wroxx.Publishing.Infrastructure\Wroxx.Publishing.Infrastructure.csproj", "{AAA5F018-99A3-4B84-8677-E086B9C29566}"
EndProject
Global
	GlobalSection(SolutionConfigurationPlatforms) = preSolution
		Debug|Any CPU = Debug|Any CPU
		Release|Any CPU = Release|Any CPU
	EndGlobalSection
	GlobalSection(ProjectConfigurationPlatforms) = postSolution
		{0479BF19-DE88-434D-B266-2E98302FF06A}.Debug|Any CPU.ActiveCfg = Debug|Any CPU
		{0479BF19-DE88-434D-B266-2E98302FF06A}.Debug|Any CPU.Build.0 = Debug|Any CPU
		{0479BF19-DE88-434D-B266-2E98302FF06A}.Release|Any CPU.ActiveCfg = Release|Any CPU
		{0479BF19-DE88-434D-B266-2E98302FF06A}.Release|Any CPU.Build.0 = Release|Any CPU
		{18EF3EFF-0191-46A2-8F01-0A13BF781EC9}.Debug|Any CPU.ActiveCfg = Debug|Any CPU
		{18EF3EFF-0191-46A2-8F01-0A13BF781EC9}.Debug|Any CPU.Build.0 = Debug|Any CPU
		{18EF3EFF-0191-46A2-8F01-0A13BF781EC9}.Release|Any CPU.ActiveCfg = Release|Any CPU
		{18EF3EFF-0191-46A2-8F01-0A13BF781EC9}.Release|Any CPU.Build.0 = Release|Any CPU
		{E8D13E45-859A-4BCA-913D-601A474BD78D}.Debug|Any CPU.ActiveCfg = Debug|Any CPU
		{E8D13E45-859A-4BCA-913D-601A474BD78D}.Debug|Any CPU.Build.0 = Debug|Any CPU
		{E8D13E45-859A-4BCA-913D-601A474BD78D}.Release|Any CPU.ActiveCfg = Release|Any CPU
		{E8D13E45-859A-4BCA-913D-601A474BD78D}.Release|Any CPU.Build.0 = Release|Any CPU
		{AAA5F018-99A3-4B84-8677-E086B9C29566}.Debug|Any CPU.ActiveCfg = Debug|Any CPU
		{AAA5F018-99A3-4B84-8677-E086B9C29566}.Debug|Any CPU.Build.0 = Debug|Any CPU
		{AAA5F018-99A3-4B84-8677-E086B9C29566}.Release|Any CPU.ActiveCfg = Release|Any CPU
		{AAA5F018-99A3-4B84-8677-E086B9C29566}.Release|Any CPU.Build.0 = Release|Any CPU
	EndGlobalSection
	GlobalSection(SolutionProperties) = preSolution
		HideSolutionNode = FALSE
	EndGlobalSection
EndGlobal
